
Microsoft Visual Studio Solution File, Format Version 12.00
# Visual Studio Version 17
VisualStudioVersion = 17.14.35806.103 d17.14
MinimumVisualStudioVersion = 10.0.40219.1
Project("{FAE04EC0-301F-11D3-BF4B-00C04F79EFBC}") = "CS2.Util.ModVerifier", "CS2.Util.ModVerifier\CS2.Util.ModVerifier.csproj", "{56407534-18DF-4215-A7AD-A478772F174F}"
EndProject
Project("{FAE04EC0-301F-11D3-BF4B-00C04F79EFBC}") = "Spectre.Console", "..\spectre.console\src\Spectre.Console\Spectre.Console.csproj", "{EEB7710D-8D36-577B-90CF-7D20A60FF533}"
EndProject
Global
	GlobalSection(SolutionConfigurationPlatforms) = preSolution
		Debug|Any CPU = Debug|Any CPU
		Release|Any CPU = Release|Any CPU
	EndGlobalSection
	GlobalSection(ProjectConfigurationPlatforms) = postSolution
		{56407534-18DF-4215-A7AD-A478772F174F}.Debug|Any CPU.ActiveCfg = Debug|Any CPU
		{56407534-18DF-4215-A7AD-A478772F174F}.Debug|Any CPU.Build.0 = Debug|Any CPU
		{56407534-18DF-4215-A7AD-A478772F174F}.Release|Any CPU.ActiveCfg = Release|Any CPU
		{56407534-18DF-4215-A7AD-A478772F174F}.Release|Any CPU.Build.0 = Release|Any CPU
		{EEB7710D-8D36-577B-90CF-7D20A60FF533}.Debug|Any CPU.ActiveCfg = Debug|Any CPU
		{EEB7710D-8D36-577B-90CF-7D20A60FF533}.Debug|Any CPU.Build.0 = Debug|Any CPU
		{EEB7710D-8D36-577B-90CF-7D20A60FF533}.Release|Any CPU.ActiveCfg = Release|Any CPU
		{EEB7710D-8D36-577B-90CF-7D20A60FF533}.Release|Any CPU.Build.0 = Release|Any CPU
	EndGlobalSection
	GlobalSection(SolutionProperties) = preSolution
		HideSolutionNode = FALSE
	EndGlobalSection
	GlobalSection(ExtensibilityGlobals) = postSolution
		SolutionGuid = {D254FC9D-1B6A-414B-9595-FA1DB0EBEB83}
	EndGlobalSection
EndGlobal
